
Microsoft Visual Studio Solution File, Format Version 12.00
Project("{FAE04EC0-301F-11D3-BF4B-00C04F79EFBC}") = "Linalg", "Linalg\Linalg.csproj", "{F37A412A-0A7C-48D3-8536-A6187C3093FE}"
EndProject
Project("{FAE04EC0-301F-11D3-BF4B-00C04F79EFBC}") = "MathTools-TestLib", "MathTools-TestLib\MathTools-TestLib.csproj", "{FAC040FA-310C-4B92-AD2A-2567CDA84368}"
EndProject
Project("{FAE04EC0-301F-11D3-BF4B-00C04F79EFBC}") = "MathCanvas", "MathCanvas\MathCanvas.csproj", "{E62D3D83-6066-4A5A-AAB1-C7C447747B6C}"
EndProject
Project("{FAE04EC0-301F-11D3-BF4B-00C04F79EFBC}") = "IO", "IO\IO.csproj", "{1A277D64-51E7-4B16-BB42-F2A99509B105}"
EndProject
Project("{2150E333-8FDC-42A3-9474-1A3956D46DE8}") = "UI", "UI", "{B72E4A2F-F798-4C57-B354-D602278A4B23}"
EndProject
Project("{2150E333-8FDC-42A3-9474-1A3956D46DE8}") = "IO", "IO", "{26D7CBC4-BDB2-44D7-B242-31CB4C14308F}"
EndProject
Project("{2150E333-8FDC-42A3-9474-1A3956D46DE8}") = "Libs", "Libs", "{B24DB1EE-F7BB-436A-876B-B733D7160A6A}"
EndProject
Global
	GlobalSection(SolutionConfigurationPlatforms) = preSolution
		Debug|Any CPU = Debug|Any CPU
		Release|Any CPU = Release|Any CPU
	EndGlobalSection
	GlobalSection(ProjectConfigurationPlatforms) = postSolution
		{F37A412A-0A7C-48D3-8536-A6187C3093FE}.Debug|Any CPU.ActiveCfg = Debug|Any CPU
		{F37A412A-0A7C-48D3-8536-A6187C3093FE}.Debug|Any CPU.Build.0 = Debug|Any CPU
		{F37A412A-0A7C-48D3-8536-A6187C3093FE}.Release|Any CPU.ActiveCfg = Release|Any CPU
		{F37A412A-0A7C-48D3-8536-A6187C3093FE}.Release|Any CPU.Build.0 = Release|Any CPU
		{FAC040FA-310C-4B92-AD2A-2567CDA84368}.Debug|Any CPU.ActiveCfg = Debug|Any CPU
		{FAC040FA-310C-4B92-AD2A-2567CDA84368}.Debug|Any CPU.Build.0 = Debug|Any CPU
		{FAC040FA-310C-4B92-AD2A-2567CDA84368}.Release|Any CPU.ActiveCfg = Release|Any CPU
		{FAC040FA-310C-4B92-AD2A-2567CDA84368}.Release|Any CPU.Build.0 = Release|Any CPU
		{E62D3D83-6066-4A5A-AAB1-C7C447747B6C}.Debug|Any CPU.ActiveCfg = Debug|Any CPU
		{E62D3D83-6066-4A5A-AAB1-C7C447747B6C}.Debug|Any CPU.Build.0 = Debug|Any CPU
		{E62D3D83-6066-4A5A-AAB1-C7C447747B6C}.Release|Any CPU.ActiveCfg = Release|Any CPU
		{E62D3D83-6066-4A5A-AAB1-C7C447747B6C}.Release|Any CPU.Build.0 = Release|Any CPU
		{1A277D64-51E7-4B16-BB42-F2A99509B105}.Debug|Any CPU.ActiveCfg = Debug|Any CPU
		{1A277D64-51E7-4B16-BB42-F2A99509B105}.Debug|Any CPU.Build.0 = Debug|Any CPU
		{1A277D64-51E7-4B16-BB42-F2A99509B105}.Release|Any CPU.ActiveCfg = Release|Any CPU
		{1A277D64-51E7-4B16-BB42-F2A99509B105}.Release|Any CPU.Build.0 = Release|Any CPU
	EndGlobalSection
	GlobalSection(NestedProjects) = preSolution
		{E62D3D83-6066-4A5A-AAB1-C7C447747B6C} = {B72E4A2F-F798-4C57-B354-D602278A4B23}
		{1A277D64-51E7-4B16-BB42-F2A99509B105} = {26D7CBC4-BDB2-44D7-B242-31CB4C14308F}
		{F37A412A-0A7C-48D3-8536-A6187C3093FE} = {B24DB1EE-F7BB-436A-876B-B733D7160A6A}
		{FAC040FA-310C-4B92-AD2A-2567CDA84368} = {B24DB1EE-F7BB-436A-876B-B733D7160A6A}
	EndGlobalSection
EndGlobal
